PODS:
  - Alamofire (5.0.0-rc.3)
  - naveridlogin-sdk-ios (4.1.2)

DEPENDENCIES:
  - Alamofire (~> 5.0.0-rc.3)
  - naveridlogin-sdk-ios

SPEC REPOS:
  trunk:
    - Alamofire
    - naveridlogin-sdk-ios

SPEC CHECKSUMS:
  Alamofire: ca8c0de6906873be89d6deec5c8de279e00bf872
  naveridlogin-sdk-ios: cf8afccdb1793d4ecfcd5d46aa8729d8b5058c70

PODFILE CHECKSUM: fe15f4bd8225fc71e861a8955cc0bcc608415eff

COCOAPODS: 1.8.3
